
Microsoft Visual Studio Solution File, Format Version 12.00
# Visual Studio Version 17
VisualStudioVersion = 17.0.31903.59
MinimumVisualStudioVersion = 10.0.40219.1
Project("{2150E333-8FDC-42A3-9474-1A3956D46DE8}") = "src", "src", "{827E0CD3-B72D-47B6-A68D-7590B98EB39B}"
EndProject
Project("{FAE04EC0-301F-11D3-BF4B-00C04F79EFBC}") = "FolioForge.Domain", "src\FolioForge.Domain\FolioForge.Domain.csproj", "{34526ACD-28D5-4334-A7D9-7C2E2AA0B608}"
EndProject
Project("{FAE04EC0-301F-11D3-BF4B-00C04F79EFBC}") = "FolioForge.Application", "src\FolioForge.Application\FolioForge.Application.csproj", "{133365D2-2033-438C-8849-BE948FB35A41}"
EndProject
Project("{FAE04EC0-301F-11D3-BF4B-00C04F79EFBC}") = "FolioForge.Infrastructure", "src\FolioForge.Infrastructure\FolioForge.Infrastructure.csproj", "{00C58477-8DF0-4996-9313-0C92408A49B2}"
EndProject
Project("{FAE04EC0-301F-11D3-BF4B-00C04F79EFBC}") = "FolioForge.Api", "src\FolioForge.Api\FolioForge.Api.csproj", "{F158D863-7534-494B-AF4F-4FFD102FE5C8}"
EndProject
Project("{FAE04EC0-301F-11D3-BF4B-00C04F79EFBC}") = "FolioForge.Worker", "src\FolioForge.Worker\FolioForge.Worker.csproj", "{32E4FDFD-177F-4533-93D0-72297BB554CA}"
EndProject
Global
	GlobalSection(SolutionConfigurationPlatforms) = preSolution
		Debug|Any CPU = Debug|Any CPU
		Debug|x64 = Debug|x64
		Debug|x86 = Debug|x86
		Release|Any CPU = Release|Any CPU
		Release|x64 = Release|x64
		Release|x86 = Release|x86
	EndGlobalSection
	GlobalSection(ProjectConfigurationPlatforms) = postSolution
		{34526ACD-28D5-4334-A7D9-7C2E2AA0B608}.Debug|Any CPU.ActiveCfg = Debug|Any CPU
		{34526ACD-28D5-4334-A7D9-7C2E2AA0B608}.Debug|Any CPU.Build.0 = Debug|Any CPU
		{34526ACD-28D5-4334-A7D9-7C2E2AA0B608}.Debug|x64.ActiveCfg = Debug|Any CPU
		{34526ACD-28D5-4334-A7D9-7C2E2AA0B608}.Debug|x64.Build.0 = Debug|Any CPU
		{34526ACD-28D5-4334-A7D9-7C2E2AA0B608}.Debug|x86.ActiveCfg = Debug|Any CPU
		{34526ACD-28D5-4334-A7D9-7C2E2AA0B608}.Debug|x86.Build.0 = Debug|Any CPU
		{34526ACD-28D5-4334-A7D9-7C2E2AA0B608}.Release|Any CPU.ActiveCfg = Release|Any CPU
		{34526ACD-28D5-4334-A7D9-7C2E2AA0B608}.Release|Any CPU.Build.0 = Release|Any CPU
		{34526ACD-28D5-4334-A7D9-7C2E2AA0B608}.Release|x64.ActiveCfg = Release|Any CPU
		{34526ACD-28D5-4334-A7D9-7C2E2AA0B608}.Release|x64.Build.0 = Release|Any CPU
		{34526ACD-28D5-4334-A7D9-7C2E2AA0B608}.Release|x86.ActiveCfg = Release|Any CPU
		{34526ACD-28D5-4334-A7D9-7C2E2AA0B608}.Release|x86.Build.0 = Release|Any CPU
		{133365D2-2033-438C-8849-BE948FB35A41}.Debug|Any CPU.ActiveCfg = Debug|Any CPU
		{133365D2-2033-438C-8849-BE948FB35A41}.Debug|Any CPU.Build.0 = Debug|Any CPU
		{133365D2-2033-438C-8849-BE948FB35A41}.Debug|x64.ActiveCfg = Debug|Any CPU
		{133365D2-2033-438C-8849-BE948FB35A41}.Debug|x64.Build.0 = Debug|Any CPU
		{133365D2-2033-438C-8849-BE948FB35A41}.Debug|x86.ActiveCfg = Debug|Any CPU
		{133365D2-2033-438C-8849-BE948FB35A41}.Debug|x86.Build.0 = Debug|Any CPU
		{133365D2-2033-438C-8849-BE948FB35A41}.Release|Any CPU.ActiveCfg = Release|Any CPU
		{133365D2-2033-438C-8849-BE948FB35A41}.Release|Any CPU.Build.0 = Release|Any CPU
		{133365D2-2033-438C-8849-BE948FB35A41}.Release|x64.ActiveCfg = Release|Any CPU
		{133365D2-2033-438C-8849-BE948FB35A41}.Release|x64.Build.0 = Release|Any CPU
		{133365D2-2033-438C-8849-BE948FB35A41}.Release|x86.ActiveCfg = Release|Any CPU
		{133365D2-2033-438C-8849-BE948FB35A41}.Release|x86.Build.0 = Release|Any CPU
		{00C58477-8DF0-4996-9313-0C92408A49B2}.Debug|Any CPU.ActiveCfg = Debug|Any CPU
		{00C58477-8DF0-4996-9313-0C92408A49B2}.Debug|Any CPU.Build.0 = Debug|Any CPU
		{00C58477-8DF0-4996-9313-0C92408A49B2}.Debug|x64.ActiveCfg = Debug|Any CPU
		{00C58477-8DF0-4996-9313-0C92408A49B2}.Debug|x64.Build.0 = Debug|Any CPU
		{00C58477-8DF0-4996-9313-0C92408A49B2}.Debug|x86.ActiveCfg = Debug|Any CPU
		{00C58477-8DF0-4996-9313-0C92408A49B2}.Debug|x86.Build.0 = Debug|Any CPU
		{00C58477-8DF0-4996-9313-0C92408A49B2}.Release|Any CPU.ActiveCfg = Release|Any CPU
		{00C58477-8DF0-4996-9313-0C92408A49B2}.Release|Any CPU.Build.0 = Release|Any CPU
		{00C58477-8DF0-4996-9313-0C92408A49B2}.Release|x64.ActiveCfg = Release|Any CPU
		{00C58477-8DF0-4996-9313-0C92408A49B2}.Release|x64.Build.0 = Release|Any CPU
		{00C58477-8DF0-4996-9313-0C92408A49B2}.Release|x86.ActiveCfg = Release|Any CPU
		{00C58477-8DF0-4996-9313-0C92408A49B2}.Release|x86.Build.0 = Release|Any CPU
		{F158D863-7534-494B-AF4F-4FFD102FE5C8}.Debug|Any CPU.ActiveCfg = Debug|Any CPU
		{F158D863-7534-494B-AF4F-4FFD102FE5C8}.Debug|Any CPU.Build.0 = Debug|Any CPU
		{F158D863-7534-494B-AF4F-4FFD102FE5C8}.Debug|x64.ActiveCfg = Debug|Any CPU
		{F158D863-7534-494B-AF4F-4FFD102FE5C8}.Debug|x64.Build.0 = Debug|Any CPU
		{F158D863-7534-494B-AF4F-4FFD102FE5C8}.Debug|x86.ActiveCfg = Debug|Any CPU
		{F158D863-7534-494B-AF4F-4FFD102FE5C8}.Debug|x86.Build.0 = Debug|Any CPU
		{F158D863-7534-494B-AF4F-4FFD102FE5C8}.Release|Any CPU.ActiveCfg = Release|Any CPU
		{F158D863-7534-494B-AF4F-4FFD102FE5C8}.Release|Any CPU.Build.0 = Release|Any CPU
		{F158D863-7534-494B-AF4F-4FFD102FE5C8}.Release|x64.ActiveCfg = Release|Any CPU
		{F158D863-7534-494B-AF4F-4FFD102FE5C8}.Release|x64.Build.0 = Release|Any CPU
		{F158D863-7534-494B-AF4F-4FFD102FE5C8}.Release|x86.ActiveCfg = Release|Any CPU
		{F158D863-7534-494B-AF4F-4FFD102FE5C8}.Release|x86.Build.0 = Release|Any CPU
		{32E4FDFD-177F-4533-93D0-72297BB554CA}.Debug|Any CPU.ActiveCfg = Debug|Any CPU
		{32E4FDFD-177F-4533-93D0-72297BB554CA}.Debug|Any CPU.Build.0 = Debug|Any CPU
		{32E4FDFD-177F-4533-93D0-72297BB554CA}.Debug|x64.ActiveCfg = Debug|Any CPU
		{32E4FDFD-177F-4533-93D0-72297BB554CA}.Debug|x64.Build.0 = Debug|Any CPU
		{32E4FDFD-177F-4533-93D0-72297BB554CA}.Debug|x86.ActiveCfg = Debug|Any CPU
		{32E4FDFD-177F-4533-93D0-72297BB554CA}.Debug|x86.Build.0 = Debug|Any CPU
		{32E4FDFD-177F-4533-93D0-72297BB554CA}.Release|Any CPU.ActiveCfg = Release|Any CPU
		{32E4FDFD-177F-4533-93D0-72297BB554CA}.Release|Any CPU.Build.0 = Release|Any CPU
		{32E4FDFD-177F-4533-93D0-72297BB554CA}.Release|x64.ActiveCfg = Release|Any CPU
		{32E4FDFD-177F-4533-93D0-72297BB554CA}.Release|x64.Build.0 = Release|Any CPU
		{32E4FDFD-177F-4533-93D0-72297BB554CA}.Release|x86.ActiveCfg = Release|Any CPU
		{32E4FDFD-177F-4533-93D0-72297BB554CA}.Release|x86.Build.0 = Release|Any CPU
	EndGlobalSection
	GlobalSection(SolutionProperties) = preSolution
		HideSolutionNode = FALSE
	EndGlobalSection
	GlobalSection(NestedProjects) = preSolution
		{34526ACD-28D5-4334-A7D9-7C2E2AA0B608} = {827E0CD3-B72D-47B6-A68D-7590B98EB39B}
		{133365D2-2033-438C-8849-BE948FB35A41} = {827E0CD3-B72D-47B6-A68D-7590B98EB39B}
		{00C58477-8DF0-4996-9313-0C92408A49B2} = {827E0CD3-B72D-47B6-A68D-7590B98EB39B}
		{F158D863-7534-494B-AF4F-4FFD102FE5C8} = {827E0CD3-B72D-47B6-A68D-7590B98EB39B}
		{32E4FDFD-177F-4533-93D0-72297BB554CA} = {827E0CD3-B72D-47B6-A68D-7590B98EB39B}
	EndGlobalSection
EndGlobal
